
Microsoft Visual Studio Solution File, Format Version 12.00
# Visual Studio Version 17
VisualStudioVersion = 17.7.34031.279
MinimumVisualStudioVersion = 10.0.40219.1
Project("{FAE04EC0-301F-11D3-BF4B-00C04F79EFBC}") = "W105 - Random Numbers", "W100\W105 - Random Numbers.csproj", "{EDB088B8-1C4E-40C2-95C2-9F685757B17B}"
EndProject
Project("{FAE04EC0-301F-11D3-BF4B-00C04F79EFBC}") = "W109 - C# Lists", "W109 - C# Lists\W109 - C# Lists.csproj", "{6604B3E7-ACDB-4DEF-8BCF-58D7B532DB97}"
EndProject
Project("{FAE04EC0-301F-11D3-BF4B-00C04F79EFBC}") = "W108 - C# Arrays", "W108 - C# Arrays\W108 - C# Arrays.csproj", "{278756F9-411E-4B06-B068-5DA144E4B1C3}"
EndProject
Project("{FAE04EC0-301F-11D3-BF4B-00C04F79EFBC}") = "W111 - C# Structures", "W111 - C# Structures\W111 - C# Structures.csproj", "{255CCF2F-8088-41E7-AFEB-8E94F6D1A6C2}"
EndProject
Project("{FAE04EC0-301F-11D3-BF4B-00C04F79EFBC}") = "W112 - C# Reading From Text Files", "W112 - C# Reading From Text Files\W112 - C# Reading From Text Files.csproj", "{69E01999-44B6-4214-8656-38336B8E4A26}"
EndProject
Project("{FAE04EC0-301F-11D3-BF4B-00C04F79EFBC}") = "W121 - 2D Arrays", "W121 - 2D Arrays\W121 - 2D Arrays.csproj", "{A889372B-EE66-4886-9641-A81E91332981}"
EndProject
Global
	GlobalSection(SolutionConfigurationPlatforms) = preSolution
		Debug|Any CPU = Debug|Any CPU
		Release|Any CPU = Release|Any CPU
	EndGlobalSection
	GlobalSection(ProjectConfigurationPlatforms) = postSolution
		{EDB088B8-1C4E-40C2-95C2-9F685757B17B}.Debug|Any CPU.ActiveCfg = Debug|Any CPU
		{EDB088B8-1C4E-40C2-95C2-9F685757B17B}.Debug|Any CPU.Build.0 = Debug|Any CPU
		{EDB088B8-1C4E-40C2-95C2-9F685757B17B}.Release|Any CPU.ActiveCfg = Release|Any CPU
		{EDB088B8-1C4E-40C2-95C2-9F685757B17B}.Release|Any CPU.Build.0 = Release|Any CPU
		{6604B3E7-ACDB-4DEF-8BCF-58D7B532DB97}.Debug|Any CPU.ActiveCfg = Debug|Any CPU
		{6604B3E7-ACDB-4DEF-8BCF-58D7B532DB97}.Debug|Any CPU.Build.0 = Debug|Any CPU
		{6604B3E7-ACDB-4DEF-8BCF-58D7B532DB97}.Release|Any CPU.ActiveCfg = Release|Any CPU
		{6604B3E7-ACDB-4DEF-8BCF-58D7B532DB97}.Release|Any CPU.Build.0 = Release|Any CPU
		{278756F9-411E-4B06-B068-5DA144E4B1C3}.Debug|Any CPU.ActiveCfg = Debug|Any CPU
		{278756F9-411E-4B06-B068-5DA144E4B1C3}.Debug|Any CPU.Build.0 = Debug|Any CPU
		{278756F9-411E-4B06-B068-5DA144E4B1C3}.Release|Any CPU.ActiveCfg = Release|Any CPU
		{278756F9-411E-4B06-B068-5DA144E4B1C3}.Release|Any CPU.Build.0 = Release|Any CPU
		{255CCF2F-8088-41E7-AFEB-8E94F6D1A6C2}.Debug|Any CPU.ActiveCfg = Debug|Any CPU
		{255CCF2F-8088-41E7-AFEB-8E94F6D1A6C2}.Debug|Any CPU.Build.0 = Debug|Any CPU
		{255CCF2F-8088-41E7-AFEB-8E94F6D1A6C2}.Release|Any CPU.ActiveCfg = Release|Any CPU
		{255CCF2F-8088-41E7-AFEB-8E94F6D1A6C2}.Release|Any CPU.Build.0 = Release|Any CPU
		{69E01999-44B6-4214-8656-38336B8E4A26}.Debug|Any CPU.ActiveCfg = Debug|Any CPU
		{69E01999-44B6-4214-8656-38336B8E4A26}.Debug|Any CPU.Build.0 = Debug|Any CPU
		{69E01999-44B6-4214-8656-38336B8E4A26}.Release|Any CPU.ActiveCfg = Release|Any CPU
		{69E01999-44B6-4214-8656-38336B8E4A26}.Release|Any CPU.Build.0 = Release|Any CPU
		{A889372B-EE66-4886-9641-A81E91332981}.Debug|Any CPU.ActiveCfg = Debug|Any CPU
		{A889372B-EE66-4886-9641-A81E91332981}.Debug|Any CPU.Build.0 = Debug|Any CPU
		{A889372B-EE66-4886-9641-A81E91332981}.Release|Any CPU.ActiveCfg = Release|Any CPU
		{A889372B-EE66-4886-9641-A81E91332981}.Release|Any CPU.Build.0 = Release|Any CPU
	EndGlobalSection
	GlobalSection(SolutionProperties) = preSolution
		HideSolutionNode = FALSE
	EndGlobalSection
	GlobalSection(ExtensibilityGlobals) = postSolution
		SolutionGuid = {259AF2B7-FED3-475E-A323-EED4B9EF8A5E}
	EndGlobalSection
EndGlobal
